<?xml version="1.0" encoding="utf-8"?>
<Project ToolsVersion="18.0" xmlns="http://schemas.microsoft.com/developer/msbuild/2003">
  <ItemGroup>
    <CustomBuild Include="E:\Minhas Coisas\Desktop\APLICATIVO VOLTRIS\DLLS\DriverEngine\build64\CMakeFiles\cc5a4b17ffac5f084c1479164978b87a\generate.stamp.rule">
      <Filter>CMake Rules</Filter>
    </CustomBuild>
  </ItemGroup>
  <ItemGroup>
    <Filter Include="CMake Rules">
      <UniqueIdentifier>{FE03A871-0161-367B-839A-1866C8C29C8E}</UniqueIdentifier>
    </Filter>
  </ItemGroup>
</Project>
